
Microsoft Visual Studio Solution File, Format Version 12.00
# Visual Studio Version 16
VisualStudioVersion = 16.0.31624.102
MinimumVisualStudioVersion = 10.0.40219.1
Project("{FAE04EC0-301F-11D3-BF4B-00C04F79EFBC}") = "Lab1Num1Var12", "Lab1Num1Var12\Lab1Num1Var12.csproj", "{40CD86DF-272B-4CBE-AE74-77EFDA4BDFE5}"
EndProject
Project("{FAE04EC0-301F-11D3-BF4B-00C04F79EFBC}") = "Lab1Num1Var12Tests", "Lab1Num1Var12Tests\Lab1Num1Var12Tests.csproj", "{2A3B80A6-C9A7-49DF-8CCE-72B3238C4C72}"
EndProject
Global
	GlobalSection(SolutionConfigurationPlatforms) = preSolution
		Debug|Any CPU = Debug|Any CPU
		Release|Any CPU = Release|Any CPU
	EndGlobalSection
	GlobalSection(ProjectConfigurationPlatforms) = postSolution
		{40CD86DF-272B-4CBE-AE74-77EFDA4BDFE5}.Debug|Any CPU.ActiveCfg = Debug|Any CPU
		{40CD86DF-272B-4CBE-AE74-77EFDA4BDFE5}.Debug|Any CPU.Build.0 = Debug|Any CPU
		{40CD86DF-272B-4CBE-AE74-77EFDA4BDFE5}.Release|Any CPU.ActiveCfg = Release|Any CPU
		{40CD86DF-272B-4CBE-AE74-77EFDA4BDFE5}.Release|Any CPU.Build.0 = Release|Any CPU
		{2A3B80A6-C9A7-49DF-8CCE-72B3238C4C72}.Debug|Any CPU.ActiveCfg = Debug|Any CPU
		{2A3B80A6-C9A7-49DF-8CCE-72B3238C4C72}.Debug|Any CPU.Build.0 = Debug|Any CPU
		{2A3B80A6-C9A7-49DF-8CCE-72B3238C4C72}.Release|Any CPU.ActiveCfg = Release|Any CPU
		{2A3B80A6-C9A7-49DF-8CCE-72B3238C4C72}.Release|Any CPU.Build.0 = Release|Any CPU
	EndGlobalSection
	GlobalSection(SolutionProperties) = preSolution
		HideSolutionNode = FALSE
	EndGlobalSection
	GlobalSection(ExtensibilityGlobals) = postSolution
		SolutionGuid = {A8E328C6-83A8-4317-BFE9-AA85D557928A}
	EndGlobalSection
EndGlobal
